
Microsoft Visual Studio Solution File, Format Version 12.00
# Visual Studio 15
VisualStudioVersion = 15.0.28307.421
MinimumVisualStudioVersion = 10.0.40219.1
Project("{FAE04EC0-301F-11D3-BF4B-00C04F79EFBC}") = "CRM", "CRM\CRM.csproj", "{84030EAF-CA0E-4603-95D9-1E46C8C4DDF1}"
EndProject
Global
	GlobalSection(SolutionConfigurationPlatforms) = preSolution
		Debug|Any CPU = Debug|Any CPU
		Release|Any CPU = Release|Any CPU
	EndGlobalSection
	GlobalSection(ProjectConfigurationPlatforms) = postSolution
		{84030EAF-CA0E-4603-95D9-1E46C8C4DDF1}.Debug|Any CPU.ActiveCfg = Debug|Any CPU
		{84030EAF-CA0E-4603-95D9-1E46C8C4DDF1}.Debug|Any CPU.Build.0 = Debug|Any CPU
		{84030EAF-CA0E-4603-95D9-1E46C8C4DDF1}.Release|Any CPU.ActiveCfg = Release|Any CPU
		{84030EAF-CA0E-4603-95D9-1E46C8C4DDF1}.Release|Any CPU.Build.0 = Release|Any CPU
	EndGlobalSection
	GlobalSection(SolutionProperties) = preSolution
		HideSolutionNode = FALSE
	EndGlobalSection
	GlobalSection(ExtensibilityGlobals) = postSolution
		SolutionGuid = {9FBBFFA1-7BF8-413A-8149-D633F2D9F188}
	EndGlobalSection
EndGlobal
